github.com/jcelliott/lumber v0.0.0-20160324203708-dd349441af25 h1:EFT6MH3igZK/dIVqgGbTqWVvkZ7wJ5iGN03SVtvvdd8=
github.com/jcelliott/lumber v0.0.0-20160324203708-dd349441af25/go.mod h1:sWkGw/wsaHtRsT9zGQ/WyJCotGWG/Anow/9hsAcBWRw=
github.com/patrickmn/go-cache v2.1.0+incompatible h1:HRMgzkcYKYpi3C8ajMPV8OFXaaRUnok+kx1WdO15EQc=
github.com/patrickmn/go-cache v2.1.0+incompatible/go.mod h1:3Qf8kWWT7OJRJbdiICTKqZju1ZixQ/KpMGzzAfe6+WQ=
github.com/shubhexists/go-json-db v1.0.0 h1:L0h0NNDRBQeqvGElwnEFc6MO9pXUcrerHIRvRr0oQFQ=
github.com/shubhexists/go-json-db v1.0.0/go.mod h1:Tp7TPhRfoW1qb84Fkpq8qHGIwETIZd5R+lqsUf3gMSM=
